
Microsoft Visual Studio Solution File, Format Version 11.00
# Visual Studio 2010
Project("{FAE04EC0-301F-11D3-BF4B-00C04F79EFBC}") = "SilverLightHelloPhone", "SilverLightHelloPhone\SilverLightHelloPhone.csproj", "{42F32CD1-C61E-475B-845B-A3FD570C7687}"
EndProject
Global
	GlobalSection(SolutionConfigurationPlatforms) = preSolution
		Debug|Any CPU = Debug|Any CPU
		Release|Any CPU = Release|Any CPU
	EndGlobalSection
	GlobalSection(ProjectConfigurationPlatforms) = postSolution
		{42F32CD1-C61E-475B-845B-A3FD570C7687}.Debug|Any CPU.ActiveCfg = Debug|Any CPU
		{42F32CD1-C61E-475B-845B-A3FD570C7687}.Debug|Any CPU.Build.0 = Debug|Any CPU
		{42F32CD1-C61E-475B-845B-A3FD570C7687}.Debug|Any CPU.Deploy.0 = Debug|Any CPU
		{42F32CD1-C61E-475B-845B-A3FD570C7687}.Release|Any CPU.ActiveCfg = Release|Any CPU
		{42F32CD1-C61E-475B-845B-A3FD570C7687}.Release|Any CPU.Build.0 = Release|Any CPU
		{42F32CD1-C61E-475B-845B-A3FD570C7687}.Release|Any CPU.Deploy.0 = Release|Any CPU
	EndGlobalSection
	GlobalSection(SolutionProperties) = preSolution
		HideSolutionNode = FALSE
	EndGlobalSection
EndGlobal
